cachetools==5.5.2
certifi==2026.7.22
charset-normalizer==3.5.2
cloudpickle==3.1.2
google-auth==2.35.0
google-auth-oauthlib==1.5.0
gspread==6.1.4
idna==3.20
iniconfig==2.3.0
joblib==1.6.0
numpy==1.26.4
oauthlib==4.0.0
packaging==26.3
pandas==2.2.3
pluggy==1.6.0
pyasn1==0.6.4
pyasn1_modules==0.4.2
pytest==8.3.3
python-dateutil==2.9.0.post0
pytz==2026.4
PyYAML==6.0.2
requests==2.32.3
requests-oauthlib==2.0.0
rsa==4.9.1
scikit-learn==1.5.2
scipy==1.14.1
six==1.17.0
threadpoolctl==3.7.0
tzdata==2026.4
urllib3==2.8.0
